// !$*UTF8*$!
{
	archiveVersion = 1;
	classes = {
	};
	objectVersion = 52;
	objects = {

/* Begin PBXBuildFile section */
		29F7414B242C0B8900FB9C63 /* AppDelegate.swift in Sources */ = {isa = PBXBuildFile; fileRef = 29F7414A242C0B8900FB9C63 /* AppDelegate.swift */; };
		29F7414D242C0B8900FB9C63 /* SceneDelegate.swift in Sources */ = {isa = PBXBuildFile; fileRef = 29F7414C242C0B8900FB9C63 /* SceneDelegate.swift */; };
		29F7414F242C0B8900FB9C63 /* ContentView.swift in Sources */ = {isa = PBXBuildFile; fileRef = 29F7414E242C0B8900FB9C63 /* ContentView.swift */; };
		29F74151242C0B8B00FB9C63 /* Assets.xcassets in Resources */ = {isa = PBXBuildFile; fileRef = 29F74150242C0B8B00FB9C63 /* Assets.xcassets */; };
		29F74154242C0B8B00FB9C63 /* Preview Assets.xcassets in Resources */ = {isa = PBXBuildFile; fileRef = 29F74153242C0B8B00FB9C63 /* Preview Assets.xcassets */; };
		29F74157242C0B8B00FB9C63 /* LaunchScreen.storyboard in Resources */ = {isa = PBXBuildFile; fileRef = 29F74155242C0B8B00FB9C63 /* LaunchScreen.storyboard */; };
		29F74160242C0BD700FB9C63 /* SwiftUIKit in Frameworks */ = {isa = PBXBuildFile; productRef = 29F7415F242C0BD700FB9C63 /* SwiftUIKit */; };
/* End PBXBuildFile section */

/* Begin PBXFileReference section */
		29F74147242C0B8900FB9C63 /* SUIKit.app */ = {isa = PBXFileReference; explicitFileType = wrapper.application; includeInIndex = 0; path = SUIKit.app; sourceTree = BUILT_PRODUCTS_DIR; };
		29F7414A242C0B8900FB9C63 /* AppDelegate.swift */ = {isa = PBXFileReference; lastKnownFileType = sourcecode.swift; path = AppDelegate.swift; sourceTree = "<group>"; };
		29F7414C242C0B8900FB9C63 /* SceneDelegate.swift */ = {isa = PBXFileReference; lastKnownFileType = sourcecode.swift; path = SceneDelegate.swift; sourceTree = "<group>"; };
		29F7414E242C0B8900FB9C63 /* ContentView.swift */ = {isa = PBXFileReference; lastKnownFileType = sourcecode.swift; path = ContentView.swift; sourceTree = "<group>"; };
		29F74150242C0B8B00FB9C63 /* Assets.xcassets */ = {isa = PBXFileReference; lastKnownFileType = folder.assetcatalog; path = Assets.xcassets; sourceTree = "<group>"; };
		29F74153242C0B8B00FB9C63 /* Preview Assets.xcassets */ = {isa = PBXFileReference; lastKnownFileType = folder.assetcatalog; path = "Preview Assets.xcassets"; sourceTree = "<group>"; };
		29F74156242C0B8B00FB9C63 /* Base */ = {isa = PBXFileReference; lastKnownFileType = file.storyboard; name = Base; path = Base.lproj/LaunchScreen.storyboard; sourceTree = "<group>"; };
		29F74158242C0B8B00FB9C63 /* Info.plist */ = {isa = PBXFileReference; lastKnownFileType = text.plist.xml; path = Info.plist; sourceTree = "<group>"; };
/* End PBXFileReference section */

/* Begin PBXFrameworksBuildPhase section */
		29F74144242C0B8900FB9C63 /* Frameworks */ = {
			isa = PBXFrameworksBuildPhase;
			buildActionMask = 2147483647;
			files = (
				29F74160242C0BD700FB9C63 /* SwiftUIKit in Frameworks */,
			);
			runOnlyForDeploymentPostprocessing = 0;
		};
/* End PBXFrameworksBuildPhase section */

/* Begin PBXGroup section */
		29F7413E242C0B8900FB9C63 = {
			isa = PBXGroup;
			children = (
				29F74149242C0B8900FB9C63 /* SUIKit */,
				29F74148242C0B8900FB9C63 /* Products */,
			);
			sourceTree = "<group>";
		};
		29F74148242C0B8900FB9C63 /* Products */ = {
			isa = PBXGroup;
			children = (
				29F74147242C0B8900FB9C63 /* SUIKit.app */,
			);
			name = Products;
			sourceTree = "<group>";
		};
		29F74149242C0B8900FB9C63 /* SUIKit */ = {
			isa = PBXGroup;
			children = (
				29F7414A242C0B8900FB9C63 /* AppDelegate.swift */,
				29F7414C242C0B8900FB9C63 /* SceneDelegate.swift */,
				29F7414E242C0B8900FB9C63 /* ContentView.swift */,
				29F74150242C0B8B00FB9C63 /* Assets.xcassets */,
				29F74155242C0B8B00FB9C63 /* LaunchScreen.storyboard */,
				29F74158242C0B8B00FB9C63 /* Info.plist */,
				29F74152242C0B8B00FB9C63 /* Preview Content */,
			);
			path = SUIKit;
			sourceTree = "<group>";
		};
		29F74152242C0B8B00FB9C63 /* Preview Content */ = {
			isa = PBXGroup;
			children = (
				29F74153242C0B8B00FB9C63 /* Preview Assets.xcassets */,
			);
			path = "Preview Content";
			sourceTree = "<group>";
		};
/* End PBXGroup section */

/* Begin PBXNativeTarget section */
		29F74146242C0B8900FB9C63 /* SUIKit */ = {
			isa = PBXNativeTarget;
			buildConfigurationList = 29F7415B242C0B8B00FB9C63 /* Build configuration list for PBXNativeTarget "SUIKit" */;
			buildPhases = (
				29F74143242C0B8900FB9C63 /* Sources */,
				29F74144242C0B8900FB9C63 /* Frameworks */,
				29F74145242C0B8900FB9C63 /* Resources */,
			);
			buildRules = (
			);
			dependencies = (
			);
			name = SUIKit;
			packageProductDependencies = (
				29F7415F242C0BD700FB9C63 /* SwiftUIKit */,
			);
			productName = SUIKit;
			productReference = 29F74147242C0B8900FB9C63 /* SUIKit.app */;
			productType = "com.apple.product-type.application";
		};
/* End PBXNativeTarget section */

/* Begin PBXProject section */
		29F7413F242C0B8900FB9C63 /* Project object */ = {
			isa = PBXProject;
			attributes = {
				LastSwiftUpdateCheck = 1130;
				LastUpgradeCheck = 1130;
				ORGANIZATIONNAME = oneleif;
				TargetAttributes = {
					29F74146242C0B8900FB9C63 = {
						CreatedOnToolsVersion = 11.3.1;
					};
				};
			};
			buildConfigurationList = 29F74142242C0B8900FB9C63 /* Build configuration list for PBXProject "SUIKit" */;
			compatibilityVersion = "Xcode 9.3";
			developmentRegion = en;
			hasScannedForEncodings = 0;
			knownRegions = (
				en,
				Base,
			);
			mainGroup = 29F7413E242C0B8900FB9C63;
			packageReferences = (
				29F7415E242C0BD700FB9C63 /* XCRemoteSwiftPackageReference "SwiftUIKit" */,
			);
			productRefGroup = 29F74148242C0B8900FB9C63 /* Products */;
			projectDirPath = "";
			projectRoot = "";
			targets = (
				29F74146242C0B8900FB9C63 /* SUIKit */,
			);
		};
/* End PBXProject section */

/* Begin PBXResourcesBuildPhase section */
		29F74145242C0B8900FB9C63 /* Resources */ = {
			isa = PBXResourcesBuildPhase;
			buildActionMask = 2147483647;
			files = (
				29F74157242C0B8B00FB9C63 /* LaunchScreen.storyboard in Resources */,
				29F74154242C0B8B00FB9C63 /* Preview Assets.xcassets in Resources */,
				29F74151242C0B8B00FB9C63 /* Assets.xcassets in Resources */,
			);
			runOnlyForDeploymentPostprocessing = 0;
		};
/* End PBXResourcesBuildPhase section */

/* Begin PBXSourcesBuildPhase section */
		29F74143242C0B8900FB9C63 /* Sources */ = {
			isa = PBXSourcesBuildPhase;
			buildActionMask = 2147483647;
			files = (
				29F7414B242C0B8900FB9C63 /* AppDelegate.swift in Sources */,
				29F7414D242C0B8900FB9C63 /* SceneDelegate.swift in Sources */,
				29F7414F242C0B8900FB9C63 /* ContentView.swift in Sources */,
			);
			runOnlyForDeploymentPostprocessing = 0;
		};
/* End PBXSourcesBuildPhase section */

/* Begin PBXVariantGroup section */
		29F74155242C0B8B00FB9C63 /* LaunchScreen.storyboard */ = {
			isa = PBXVariantGroup;
			children = (
				29F74156242C0B8B00FB9C63 /* Base */,
			);
			name = LaunchScreen.storyboard;
			sourceTree = "<group>";
		};
/* End PBXVariantGroup section */

/* Begin XCBuildConfiguration section */
		29F74159242C0B8B00FB9C63 /* Debug */ = {
			isa = XCBuildConfiguration;
			buildSettings = {
				ALWAYS_SEARCH_USER_PATHS = NO;
				CLANG_ANALYZER_NONNULL = YES;
				CLANG_ANALYZER_NUMBER_OBJECT_CONVERSION = YES_AGGRESSIVE;
				CLANG_CXX_LANGUAGE_STANDARD = "gnu++14";
				CLANG_CXX_LIBRARY = "libc++";
				CLANG_ENABLE_MODULES = YES;
				CLANG_ENABLE_OBJC_ARC = YES;
				CLANG_ENABLE_OBJC_WEAK = YES;
				CLANG_WARN_BLOCK_CAPTURE_AUTORELEASING = YES;
				CLANG_WARN_BOOL_CONVERSION = YES;
				CLANG_WARN_COMMA = YES;
				CLANG_WARN_CONSTANT_CONVERSION = YES;
				CLANG_WARN_DEPRECATED_OBJC_IMPLEMENTATIONS = YES;
				CLANG_WARN_DIRECT_OBJC_ISA_USAGE = YES_ERROR;
				CLANG_WARN_DOCUMENTATION_COMMENTS = YES;
				CLANG_WARN_EMPTY_BODY = YES;
				CLANG_WARN_ENUM_CONVERSION = YES;
				CLANG_WARN_INFINITE_RECURSION = YES;
				CLANG_WARN_INT_CONVERSION = YES;
				CLANG_WARN_NON_LITERAL_NULL_CONVERSION = YES;
				CLANG_WARN_OBJC_IMPLICIT_RETAIN_SELF = YES;
				CLANG_WARN_OBJC_LITERAL_CONVERSION = YES;
				CLANG_WARN_OBJC_ROOT_CLASS = YES_ERROR;
				CLANG_WARN_RANGE_LOOP_ANALYSIS = YES;
				CLANG_WARN_STRICT_PROTOTYPES = YES;
				CLANG_WARN_SUSPICIOUS_MOVE = YES;
				CLANG_WARN_UNGUARDED_AVAILABILITY = YES_AGGRESSIVE;
				CLANG_WARN_UNREACHABLE_CODE = YES;
				CLANG_WARN__DUPLICATE_METHOD_MATCH = YES;
				COPY_PHASE_STRIP = NO;
				DEBUG_INFORMATION_FORMAT = dwarf;
				ENABLE_STRICT_OBJC_MSGSEND = YES;
				ENABLE_TESTABILITY = YES;
				GCC_C_LANGUAGE_STANDARD = gnu11;
				GCC_DYNAMIC_NO_PIC = NO;
				GCC_NO_COMMON_BLOCKS = YES;
				GCC_OPTIMIZATION_LEVEL = 0;
				GCC_PREPROCESSOR_DEFINITIONS = (
					"DEBUG=1",
					"$(inherited)",
				);
				GCC_WARN_64_TO_32_BIT_CONVERSION = YES;
				GCC_WARN_ABOUT_RETURN_TYPE = YES_ERROR;
				GCC_WARN_UNDECLARED_SELECTOR = YES;
				GCC_WARN_UNINITIALIZED_AUTOS = YES_AGGRESSIVE;
				GCC_WARN_UNUSED_FUNCTION = YES;
				GCC_WARN_UNUSED_VARIABLE = YES;
				IPHONEOS_DEPLOYMENT_TARGET = 13.2;
				MTL_ENABLE_DEBUG_INFO = INCLUDE_SOURCE;
				MTL_FAST_MATH = YES;
				ONLY_ACTIVE_ARCH = YES;
				SDKROOT = iphoneos;
				SWIFT_ACTIVE_COMPILATION_CONDITIONS = DEBUG;
				SWIFT_OPTIMIZATION_LEVEL = "-Onone";
			};
			name = Debug;
		};
		29F7415A242C0B8B00FB9C63 /* Release */ = {
			isa = XCBuildConfiguration;
			buildSettings = {
				ALWAYS_SEARCH_USER_PATHS = NO;
				CLANG_ANALYZER_NONNULL = YES;
				CLANG_ANALYZER_NUMBER_OBJECT_CONVERSION = YES_AGGRESSIVE;
				CLANG_CXX_LANGUAGE_STANDARD = "gnu++14";
				CLANG_CXX_LIBRARY = "libc++";
				CLANG_ENABLE_MODULES = YES;
				CLANG_ENABLE_OBJC_ARC = YES;
				CLANG_ENABLE_OBJC_WEAK = YES;
				CLANG_WARN_BLOCK_CAPTURE_AUTORELEASING = YES;
				CLANG_WARN_BOOL_CONVERSION = YES;
				CLANG_WARN_COMMA = YES;
				CLANG_WARN_CONSTANT_CONVERSION = YES;
				CLANG_WARN_DEPRECATED_OBJC_IMPLEMENTATIONS = YES;
				CLANG_WARN_DIRECT_OBJC_ISA_USAGE = YES_ERROR;
				CLANG_WARN_DOCUMENTATION_COMMENTS = YES;
				CLANG_WARN_EMPTY_BODY = YES;
				CLANG_WARN_ENUM_CONVERSION = YES;
				CLANG_WARN_INFINITE_RECURSION = YES;
				CLANG_WARN_INT_CONVERSION = YES;
				CLANG_WARN_NON_LITERAL_NULL_CONVERSION = YES;
				CLANG_WARN_OBJC_IMPLICIT_RETAIN_SELF = YES;
				CLANG_WARN_OBJC_LITERAL_CONVERSION = YES;
				CLANG_WARN_OBJC_ROOT_CLASS = YES_ERROR;
				CLANG_WARN_RANGE_LOOP_ANALYSIS = YES;
				CLANG_WARN_STRICT_PROTOTYPES = YES;
				CLANG_WARN_SUSPICIOUS_MOVE = YES;
				CLANG_WARN_UNGUARDED_AVAILABILITY = YES_AGGRESSIVE;
				CLANG_WARN_UNREACHABLE_CODE = YES;
				CLANG_WARN__DUPLICATE_METHOD_MATCH = YES;
				COPY_PHASE_STRIP = NO;
				DEBUG_INFORMATION_FORMAT = "dwarf-with-dsym";
				ENABLE_NS_ASSERTIONS = NO;
				ENABLE_STRICT_OBJC_MSGSEND = YES;
				GCC_C_LANGUAGE_STANDARD = gnu11;
				GCC_NO_COMMON_BLOCKS = YES;
				GCC_WARN_64_TO_32_BIT_CONVERSION = YES;
				GCC_WARN_ABOUT_RETURN_TYPE = YES_ERROR;
				GCC_WARN_UNDECLARED_SELECTOR = YES;
				GCC_WARN_UNINITIALIZED_AUTOS = YES_AGGRESSIVE;
				GCC_WARN_UNUSED_FUNCTION = YES;
				GCC_WARN_UNUSED_VARIABLE = YES;
				IPHONEOS_DEPLOYMENT_TARGET = 13.2;
				MTL_ENABLE_DEBUG_INFO = NO;
				MTL_FAST_MATH = YES;
				SDKROOT = iphoneos;
				SWIFT_COMPILATION_MODE = wholemodule;
				SWIFT_OPTIMIZATION_LEVEL = "-O";
				VALIDATE_PRODUCT = YES;
			};
			name = Release;
		};
		29F7415C242C0B8B00FB9C63 /* Debug */ = {
			isa = XCBuildConfiguration;
			buildSettings = {
				ASSETCATALOG_COMPILER_APPICON_NAME = AppIcon;
				CODE_SIGN_STYLE = Automatic;
				DEVELOPMENT_ASSET_PATHS = "\"SUIKit/Preview Content\"";
				DEVELOPMENT_TEAM = "";
				ENABLE_PREVIEWS = YES;
				INFOPLIST_FILE = SUIKit/Info.plist;
				LD_RUNPATH_SEARCH_PATHS = (
					"$(inherited)",
					"@executable_path/Frameworks",
				);
				PRODUCT_BUNDLE_IDENTIFIER = ol.SUIKit;
				PRODUCT_NAME = "$(TARGET_NAME)";
				SWIFT_VERSION = 5.0;
				TARGETED_DEVICE_FAMILY = "1,2";
			};
			name = Debug;
		};
		29F7415D242C0B8B00FB9C63 /* Release */ = {
			isa = XCBuildConfiguration;
			buildSettings = {
				ASSETCATALOG_COMPILER_APPICON_NAME = AppIcon;
				CODE_SIGN_STYLE = Automatic;
				DEVELOPMENT_ASSET_PATHS = "\"SUIKit/Preview Content\"";
				DEVELOPMENT_TEAM = "";
				ENABLE_PREVIEWS = YES;
				INFOPLIST_FILE = SUIKit/Info.plist;
				LD_RUNPATH_SEARCH_PATHS = (
					"$(inherited)",
					"@executable_path/Frameworks",
				);
				PRODUCT_BUNDLE_IDENTIFIER = ol.SUIKit;
				PRODUCT_NAME = "$(TARGET_NAME)";
				SWIFT_VERSION = 5.0;
				TARGETED_DEVICE_FAMILY = "1,2";
			};
			name = Release;
		};
/* End XCBuildConfiguration section */

/* Begin XCConfigurationList section */
		29F74142242C0B8900FB9C63 /* Build configuration list for PBXProject "SUIKit" */ = {
			isa = XCConfigurationList;
			buildConfigurations = (
				29F74159242C0B8B00FB9C63 /* Debug */,
				29F7415A242C0B8B00FB9C63 /* Release */,
			);
			defaultConfigurationIsVisible = 0;
			defaultConfigurationName = Release;
		};
		29F7415B242C0B8B00FB9C63 /* Build configuration list for PBXNativeTarget "SUIKit" */ = {
			isa = XCConfigurationList;
			buildConfigurations = (
				29F7415C242C0B8B00FB9C63 /* Debug */,
				29F7415D242C0B8B00FB9C63 /* Release */,
			);
			defaultConfigurationIsVisible = 0;
			defaultConfigurationName = Release;
		};
/* End XCConfigurationList section */

/* Begin XCRemoteSwiftPackageReference section */
		29F7415E242C0BD700FB9C63 /* XCRemoteSwiftPackageReference "SwiftUIKit" */ = {
			isa = XCRemoteSwiftPackageReference;
			repositoryURL = "https://github.com/0xLeif/SwiftUIKit";
			requirement = {
				branch = develop;
				kind = branch;
			};
		};
/* End XCRemoteSwiftPackageReference section */

/* Begin XCSwiftPackageProductDependency section */
		29F7415F242C0BD700FB9C63 /* SwiftUIKit */ = {
			isa = XCSwiftPackageProductDependency;
			package = 29F7415E242C0BD700FB9C63 /* XCRemoteSwiftPackageReference "SwiftUIKit" */;
			productName = SwiftUIKit;
		};
/* End XCSwiftPackageProductDependency section */
	};
	rootObject = 29F7413F242C0B8900FB9C63 /* Project object */;
}
